// !$*UTF8*$!
{
	archiveVersion = 1;
	classes = {
	};
	objectVersion = 46;
	objects = {

/* Begin PBXBuildFile section */
		8E8D8FAF1A610FA900613E1E /* main.m in Sources */ = {isa = PBXBuildFile; fileRef = 8E8D8FAE1A610FA900613E1E /* main.m */; };
		8E8D8FB21A610FA900613E1E /* AppDelegate.m in Sources */ = {isa = PBXBuildFile; fileRef = 8E8D8FB11A610FA900613E1E /* AppDelegate.m */; };
		8E8D8FB51A610FA900613E1E /* ViewController.m in Sources */ = {isa = PBXBuildFile; fileRef = 8E8D8FB41A610FA900613E1E /* ViewController.m */; };
		8E8D8FB81A610FAA00613E1E /* Main.storyboard in Resources */ = {isa = PBXBuildFile; fileRef = 8E8D8FB61A610FAA00613E1E /* Main.storyboard */; };
		8E8D8FBA1A610FAA00613E1E /* Images.xcassets in Resources */ = {isa = PBXBuildFile; fileRef = 8E8D8FB91A610FAA00613E1E /* Images.xcassets */; };
		8E8D8FBD1A610FAA00613E1E /* LaunchScreen.xib in Resources */ = {isa = PBXBuildFile; fileRef = 8E8D8FBB1A610FAA00613E1E /* LaunchScreen.xib */; };
		8E8D8FC91A610FAA00613E1E /* DoubleScreenInteractionTests.m in Sources */ = {isa = PBXBuildFile; fileRef = 8E8D8FC81A610FAA00613E1E /* DoubleScreenInteractionTests.m */; };
/* End PBXBuildFile section */

/* Begin PBXContainerItemProxy section */
		8E8D8FC31A610FAA00613E1E /* PBXContainerItemProxy */ = {
			isa = PBXContainerItemProxy;
			containerPortal = 8E8D8FA11A610FA900613E1E /* Project object */;
			proxyType = 1;
			remoteGlobalIDString = 8E8D8FA81A610FA900613E1E;
			remoteInfo = DoubleScreenInteraction;
		};
/* End PBXContainerItemProxy section */

/* Begin PBXFileReference section */
		8E8D8FA91A610FA900613E1E /* DoubleScreenInteraction.app */ = {isa = PBXFileReference; explicitFileType = wrapper.application; includeInIndex = 0; path = DoubleScreenInteraction.app; sourceTree = BUILT_PRODUCTS_DIR; };
		8E8D8FAD1A610FA900613E1E /* Info.plist */ = {isa = PBXFileReference; lastKnownFileType = text.plist.xml; path = Info.plist; sourceTree = "<group>"; };
		8E8D8FAE1A610FA900613E1E /* main.m */ = {isa = PBXFileReference; lastKnownFileType = sourcecode.c.objc; path = main.m; sourceTree = "<group>"; };
		8E8D8FB01A610FA900613E1E /* AppDelegate.h */ = {isa = PBXFileReference; lastKnownFileType = sourcecode.c.h; path = AppDelegate.h; sourceTree = "<group>"; };
		8E8D8FB11A610FA900613E1E /* AppDelegate.m */ = {isa = PBXFileReference; lastKnownFileType = sourcecode.c.objc; path = AppDelegate.m; sourceTree = "<group>"; };
		8E8D8FB31A610FA900613E1E /* ViewController.h */ = {isa = PBXFileReference; lastKnownFileType = sourcecode.c.h; path = ViewController.h; sourceTree = "<group>"; };
		8E8D8FB41A610FA900613E1E /* ViewController.m */ = {isa = PBXFileReference; lastKnownFileType = sourcecode.c.objc; path = ViewController.m; sourceTree = "<group>"; };
		8E8D8FB71A610FAA00613E1E /* Base */ = {isa = PBXFileReference; lastKnownFileType = file.storyboard; name = Base; path = Base.lproj/Main.storyboard; sourceTree = "<group>"; };
		8E8D8FB91A610FAA00613E1E /* Images.xcassets */ = {isa = PBXFileReference; lastKnownFileType = folder.assetcatalog; path = Images.xcassets; sourceTree = "<group>"; };
		8E8D8FBC1A610FAA00613E1E /* Base */ = {isa = PBXFileReference; lastKnownFileType = file.xib; name = Base; path = Base.lproj/LaunchScreen.xib; sourceTree = "<group>"; };
		8E8D8FC21A610FAA00613E1E /* DoubleScreenInteractionTests.xctest */ = {isa = PBXFileReference; explicitFileType = wrapper.cfbundle; includeInIndex = 0; path = DoubleScreenInteractionTests.xctest; sourceTree = BUILT_PRODUCTS_DIR; };
		8E8D8FC71A610FAA00613E1E /* Info.plist */ = {isa = PBXFileReference; lastKnownFileType = text.plist.xml; path = Info.plist; sourceTree = "<group>"; };
		8E8D8FC81A610FAA00613E1E /* DoubleScreenInteractionTests.m */ = {isa = PBXFileReference; lastKnownFileType = sourcecode.c.objc; path = DoubleScreenInteractionTests.m; sourceTree = "<group>"; };
/* End PBXFileReference section */

/* Begin PBXFrameworksBuildPhase section */
		8E8D8FA61A610FA900613E1E /* Frameworks */ = {
			isa = PBXFrameworksBuildPhase;
			buildActionMask = 2147483647;
			files = (
			);
			runOnlyForDeploymentPostprocessing = 0;
		};
		8E8D8FBF1A610FAA00613E1E /* Frameworks */ = {
			isa = PBXFrameworksBuildPhase;
			buildActionMask = 2147483647;
			files = (
			);
			runOnlyForDeploymentPostprocessing = 0;
		};
/* End PBXFrameworksBuildPhase section */

/* Begin PBXGroup section */
		8E8D8FA01A610FA900613E1E = {
			isa = PBXGroup;
			children = (
				8E8D8FAB1A610FA900613E1E /* DoubleScreenInteraction */,
				8E8D8FC51A610FAA00613E1E /* DoubleScreenInteractionTests */,
				8E8D8FAA1A610FA900613E1E /* Products */,
			);
			sourceTree = "<group>";
		};
		8E8D8FAA1A610FA900613E1E /* Products */ = {
			isa = PBXGroup;
			children = (
				8E8D8FA91A610FA900613E1E /* DoubleScreenInteraction.app */,
				8E8D8FC21A610FAA00613E1E /* DoubleScreenInteractionTests.xctest */,
			);
			name = Products;
			sourceTree = "<group>";
		};
		8E8D8FAB1A610FA900613E1E /* DoubleScreenInteraction */ = {
			isa = PBXGroup;
			children = (
				8E8D8FB01A610FA900613E1E /* AppDelegate.h */,
				8E8D8FB11A610FA900613E1E /* AppDelegate.m */,
				8E8D8FB31A610FA900613E1E /* ViewController.h */,
				8E8D8FB41A610FA900613E1E /* ViewController.m */,
				8E8D8FB61A610FAA00613E1E /* Main.storyboard */,
				8E8D8FB91A610FAA00613E1E /* Images.xcassets */,
				8E8D8FBB1A610FAA00613E1E /* LaunchScreen.xib */,
				8E8D8FAC1A610FA900613E1E /* Supporting Files */,
			);
			path = DoubleScreenInteraction;
			sourceTree = "<group>";
		};
		8E8D8FAC1A610FA900613E1E /* Supporting Files */ = {
			isa = PBXGroup;
			children = (
				8E8D8FAD1A610FA900613E1E /* Info.plist */,
				8E8D8FAE1A610FA900613E1E /* main.m */,
			);
			name = "Supporting Files";
			sourceTree = "<group>";
		};
		8E8D8FC51A610FAA00613E1E /* DoubleScreenInteractionTests */ = {
			isa = PBXGroup;
			children = (
				8E8D8FC81A610FAA00613E1E /* DoubleScreenInteractionTests.m */,
				8E8D8FC61A610FAA00613E1E /* Supporting Files */,
			);
			path = DoubleScreenInteractionTests;
			sourceTree = "<group>";
		};
		8E8D8FC61A610FAA00613E1E /* Supporting Files */ = {
			isa = PBXGroup;
			children = (
				8E8D8FC71A610FAA00613E1E /* Info.plist */,
			);
			name = "Supporting Files";
			sourceTree = "<group>";
		};
/* End PBXGroup section */

/* Begin PBXNativeTarget section */
		8E8D8FA81A610FA900613E1E /* DoubleScreenInteraction */ = {
			isa = PBXNativeTarget;
			buildConfigurationList = 8E8D8FCC1A610FAA00613E1E /* Build configuration list for PBXNativeTarget "DoubleScreenInteraction" */;
			buildPhases = (
				8E8D8FA51A610FA900613E1E /* Sources */,
				8E8D8FA61A610FA900613E1E /* Frameworks */,
				8E8D8FA71A610FA900613E1E /* Resources */,
			);
			buildRules = (
			);
			dependencies = (
			);
			name = DoubleScreenInteraction;
			productName = DoubleScreenInteraction;
			productReference = 8E8D8FA91A610FA900613E1E /* DoubleScreenInteraction.app */;
			productType = "com.apple.product-type.application";
		};
		8E8D8FC11A610FAA00613E1E /* DoubleScreenInteractionTests */ = {
			isa = PBXNativeTarget;
			buildConfigurationList = 8E8D8FCF1A610FAA00613E1E /* Build configuration list for PBXNativeTarget "DoubleScreenInteractionTests" */;
			buildPhases = (
				8E8D8FBE1A610FAA00613E1E /* Sources */,
				8E8D8FBF1A610FAA00613E1E /* Frameworks */,
				8E8D8FC01A610FAA00613E1E /* Resources */,
			);
			buildRules = (
			);
			dependencies = (
				8E8D8FC41A610FAA00613E1E /* PBXTargetDependency */,
			);
			name = DoubleScreenInteractionTests;
			productName = DoubleScreenInteractionTests;
			productReference = 8E8D8FC21A610FAA00613E1E /* DoubleScreenInteractionTests.xctest */;
			productType = "com.apple.product-type.bundle.unit-test";
		};
/* End PBXNativeTarget section */

/* Begin PBXProject section */
		8E8D8FA11A610FA900613E1E /* Project object */ = {
			isa = PBXProject;
			attributes = {
				LastUpgradeCheck = 0610;
				ORGANIZATIONNAME = Zhu;
				TargetAttributes = {
					8E8D8FA81A610FA900613E1E = {
						CreatedOnToolsVersion = 6.1.1;
					};
					8E8D8FC11A610FAA00613E1E = {
						CreatedOnToolsVersion = 6.1.1;
						TestTargetID = 8E8D8FA81A610FA900613E1E;
					};
				};
			};
			buildConfigurationList = 8E8D8FA41A610FA900613E1E /* Build configuration list for PBXProject "DoubleScreenInteraction" */;
			compatibilityVersion = "Xcode 3.2";
			developmentRegion = English;
			hasScannedForEncodings = 0;
			knownRegions = (
				en,
				Base,
			);
			mainGroup = 8E8D8FA01A610FA900613E1E;
			productRefGroup = 8E8D8FAA1A610FA900613E1E /* Products */;
			projectDirPath = "";
			projectRoot = "";
			targets = (
				8E8D8FA81A610FA900613E1E /* DoubleScreenInteraction */,
				8E8D8FC11A610FAA00613E1E /* DoubleScreenInteractionTests */,
			);
		};
/* End PBXProject section */

/* Begin PBXResourcesBuildPhase section */
		8E8D8FA71A610FA900613E1E /* Resources */ = {
			isa = PBXResourcesBuildPhase;
			buildActionMask = 2147483647;
			files = (
				8E8D8FB81A610FAA00613E1E /* Main.storyboard in Resources */,
				8E8D8FBD1A610FAA00613E1E /* LaunchScreen.xib in Resources */,
				8E8D8FBA1A610FAA00613E1E /* Images.xcassets in Resources */,
			);
			runOnlyForDeploymentPostprocessing = 0;
		};
		8E8D8FC01A610FAA00613E1E /* Resources */ = {
			isa = PBXResourcesBuildPhase;
			buildActionMask = 2147483647;
			files = (
			);
			runOnlyForDeploymentPostprocessing = 0;
		};
/* End PBXResourcesBuildPhase section */

/* Begin PBXSourcesBuildPhase section */
		8E8D8FA51A610FA900613E1E /* Sources */ = {
			isa = PBXSourcesBuildPhase;
			buildActionMask = 2147483647;
			files = (
				8E8D8FB51A610FA900613E1E /* ViewController.m in Sources */,
				8E8D8FB21A610FA900613E1E /* AppDelegate.m in Sources */,
				8E8D8FAF1A610FA900613E1E /* main.m in Sources */,
			);
			runOnlyForDeploymentPostprocessing = 0;
		};
		8E8D8FBE1A610FAA00613E1E /* Sources */ = {
			isa = PBXSourcesBuildPhase;
			buildActionMask = 2147483647;
			files = (
				8E8D8FC91A610FAA00613E1E /* DoubleScreenInteractionTests.m in Sources */,
			);
			runOnlyForDeploymentPostprocessing = 0;
		};
/* End PBXSourcesBuildPhase section */

/* Begin PBXTargetDependency section */
		8E8D8FC41A610FAA00613E1E /* PBXTargetDependency */ = {
			isa = PBXTargetDependency;
			target = 8E8D8FA81A610FA900613E1E /* DoubleScreenInteraction */;
			targetProxy = 8E8D8FC31A610FAA00613E1E /* PBXContainerItemProxy */;
		};
/* End PBXTargetDependency section */

/* Begin PBXVariantGroup section */
		8E8D8FB61A610FAA00613E1E /* Main.storyboard */ = {
			isa = PBXVariantGroup;
			children = (
				8E8D8FB71A610FAA00613E1E /* Base */,
			);
			name = Main.storyboard;
			sourceTree = "<group>";
		};
		8E8D8FBB1A610FAA00613E1E /* LaunchScreen.xib */ = {
			isa = PBXVariantGroup;
			children = (
				8E8D8FBC1A610FAA00613E1E /* Base */,
			);
			name = LaunchScreen.xib;
			sourceTree = "<group>";
		};
/* End PBXVariantGroup section */

/* Begin XCBuildConfiguration section */
		8E8D8FCA1A610FAA00613E1E /* Debug */ = {
			isa = XCBuildConfiguration;
			buildSettings = {
				ALWAYS_SEARCH_USER_PATHS = NO;
				CLANG_CXX_LANGUAGE_STANDARD = "gnu++0x";
				CLANG_CXX_LIBRARY = "libc++";
				CLANG_ENABLE_MODULES = YES;
				CLANG_ENABLE_OBJC_ARC = YES;
				CLANG_WARN_BOOL_CONVERSION = YES;
				CLANG_WARN_CONSTANT_CONVERSION = YES;
				CLANG_WARN_DIRECT_OBJC_ISA_USAGE = YES_ERROR;
				CLANG_WARN_EMPTY_BODY = YES;
				CLANG_WARN_ENUM_CONVERSION = YES;
				CLANG_WARN_INT_CONVERSION = YES;
				CLANG_WARN_OBJC_ROOT_CLASS = YES_ERROR;
				CLANG_WARN_UNREACHABLE_CODE = YES;
				CLANG_WARN__DUPLICATE_METHOD_MATCH = YES;
				"CODE_SIGN_IDENTITY[sdk=iphoneos*]" = "iPhone Developer";
				COPY_PHASE_STRIP = NO;
				ENABLE_STRICT_OBJC_MSGSEND = YES;
				GCC_C_LANGUAGE_STANDARD = gnu99;
				GCC_DYNAMIC_NO_PIC = NO;
				GCC_OPTIMIZATION_LEVEL = 0;
				GCC_PREPROCESSOR_DEFINITIONS = (
					"DEBUG=1",
					"$(inherited)",
				);
				GCC_SYMBOLS_PRIVATE_EXTERN = NO;
				GCC_WARN_64_TO_32_BIT_CONVERSION = YES;
				GCC_WARN_ABOUT_RETURN_TYPE = YES_ERROR;
				GCC_WARN_UNDECLARED_SELECTOR = YES;
				GCC_WARN_UNINITIALIZED_AUTOS = YES_AGGRESSIVE;
				GCC_WARN_UNUSED_FUNCTION = YES;
				GCC_WARN_UNUSED_VARIABLE = YES;
				IPHONEOS_DEPLOYMENT_TARGET = 8.1;
				MTL_ENABLE_DEBUG_INFO = YES;
				ONLY_ACTIVE_ARCH = YES;
				SDKROOT = iphoneos;
			};
			name = Debug;
		};
		8E8D8FCB1A610FAA00613E1E /* Release */ = {
			isa = XCBuildConfiguration;
			buildSettings = {
				ALWAYS_SEARCH_USER_PATHS = NO;
				CLANG_CXX_LANGUAGE_STANDARD = "gnu++0x";
				CLANG_CXX_LIBRARY = "libc++";
				CLANG_ENABLE_MODULES = YES;
				CLANG_ENABLE_OBJC_ARC = YES;
				CLANG_WARN_BOOL_CONVERSION = YES;
				CLANG_WARN_CONSTANT_CONVERSION = YES;
				CLANG_WARN_DIRECT_OBJC_ISA_USAGE = YES_ERROR;
				CLANG_WARN_EMPTY_BODY = YES;
				CLANG_WARN_ENUM_CONVERSION = YES;
				CLANG_WARN_INT_CONVERSION = YES;
				CLANG_WARN_OBJC_ROOT_CLASS = YES_ERROR;
				CLANG_WARN_UNREACHABLE_CODE = YES;
				CLANG_WARN__DUPLICATE_METHOD_MATCH = YES;
				"CODE_SIGN_IDENTITY[sdk=iphoneos*]" = "iPhone Developer";
				COPY_PHASE_STRIP = YES;
				ENABLE_NS_ASSERTIONS = NO;
				ENABLE_STRICT_OBJC_MSGSEND = YES;
				GCC_C_LANGUAGE_STANDARD = gnu99;
				GCC_WARN_64_TO_32_BIT_CONVERSION = YES;
				GCC_WARN_ABOUT_RETURN_TYPE = YES_ERROR;
				GCC_WARN_UNDECLARED_SELECTOR = YES;
				GCC_WARN_UNINITIALIZED_AUTOS = YES_AGGRESSIVE;
				GCC_WARN_UNUSED_FUNCTION = YES;
				GCC_WARN_UNUSED_VARIABLE = YES;
				IPHONEOS_DEPLOYMENT_TARGET = 8.1;
				MTL_ENABLE_DEBUG_INFO = NO;
				SDKROOT = iphoneos;
				VALIDATE_PRODUCT = YES;
			};
			name = Release;
		};
		8E8D8FCD1A610FAA00613E1E /* Debug */ = {
			isa = XCBuildConfiguration;
			buildSettings = {
				ASSETCATALOG_COMPILER_APPICON_NAME = AppIcon;
				INFOPLIST_FILE = DoubleScreenInteraction/Info.plist;
				LD_RUNPATH_SEARCH_PATHS = "$(inherited) @executable_path/Frameworks";
				PRODUCT_NAME = "$(TARGET_NAME)";
			};
			name = Debug;
		};
		8E8D8FCE1A610FAA00613E1E /* Release */ = {
			isa = XCBuildConfiguration;
			buildSettings = {
				ASSETCATALOG_COMPILER_APPICON_NAME = AppIcon;
				INFOPLIST_FILE = DoubleScreenInteraction/Info.plist;
				LD_RUNPATH_SEARCH_PATHS = "$(inherited) @executable_path/Frameworks";
				PRODUCT_NAME = "$(TARGET_NAME)";
			};
			name = Release;
		};
		8E8D8FD01A610FAA00613E1E /* Debug */ = {
			isa = XCBuildConfiguration;
			buildSettings = {
				BUNDLE_LOADER = "$(TEST_HOST)";
				FRAMEWORK_SEARCH_PATHS = (
					"$(SDKROOT)/Developer/Library/Frameworks",
					"$(inherited)",
				);
				GCC_PREPROCESSOR_DEFINITIONS = (
					"DEBUG=1",
					"$(inherited)",
				);
				INFOPLIST_FILE = DoubleScreenInteractionTests/Info.plist;
				LD_RUNPATH_SEARCH_PATHS = "$(inherited) @executable_path/Frameworks @loader_path/Frameworks";
				PRODUCT_NAME = "$(TARGET_NAME)";
				TEST_HOST = "$(BUILT_PRODUCTS_DIR)/DoubleScreenInteraction.app/DoubleScreenInteraction";
			};
			name = Debug;
		};
		8E8D8FD11A610FAA00613E1E /* Release */ = {
			isa = XCBuildConfiguration;
			buildSettings = {
				BUNDLE_LOADER = "$(TEST_HOST)";
				FRAMEWORK_SEARCH_PATHS = (
					"$(SDKROOT)/Developer/Library/Frameworks",
					"$(inherited)",
				);
				INFOPLIST_FILE = DoubleScreenInteractionTests/Info.plist;
				LD_RUNPATH_SEARCH_PATHS = "$(inherited) @executable_path/Frameworks @loader_path/Frameworks";
				PRODUCT_NAME = "$(TARGET_NAME)";
				TEST_HOST = "$(BUILT_PRODUCTS_DIR)/DoubleScreenInteraction.app/DoubleScreenInteraction";
			};
			name = Release;
		};
/* End XCBuildConfiguration section */

/* Begin XCConfigurationList section */
		8E8D8FA41A610FA900613E1E /* Build configuration list for PBXProject "DoubleScreenInteraction" */ = {
			isa = XCConfigurationList;
			buildConfigurations = (
				8E8D8FCA1A610FAA00613E1E /* Debug */,
				8E8D8FCB1A610FAA00613E1E /* Release */,
			);
			defaultConfigurationIsVisible = 0;
			defaultConfigurationName = Release;
		};
		8E8D8FCC1A610FAA00613E1E /* Build configuration list for PBXNativeTarget "DoubleScreenInteraction" */ = {
			isa = XCConfigurationList;
			buildConfigurations = (
				8E8D8FCD1A610FAA00613E1E /* Debug */,
				8E8D8FCE1A610FAA00613E1E /* Release */,
			);
			defaultConfigurationIsVisible = 0;
		};
		8E8D8FCF1A610FAA00613E1E /* Build configuration list for PBXNativeTarget "DoubleScreenInteractionTests" */ = {
			isa = XCConfigurationList;
			buildConfigurations = (
				8E8D8FD01A610FAA00613E1E /* Debug */,
				8E8D8FD11A610FAA00613E1E /* Release */,
			);
			defaultConfigurationIsVisible = 0;
		};
/* End XCConfigurationList section */
	};
	rootObject = 8E8D8FA11A610FA900613E1E /* Project object */;
}
